
Microsoft Visual Studio Solution File, Format Version 12.00
# Visual Studio Version 17
VisualStudioVersion = 17.6.33723.286
MinimumVisualStudioVersion = 10.0.40219.1
Project("{FAE04EC0-301F-11D3-BF4B-00C04F79EFBC}") = "Snuffer", "Snuffer\Snuffer.csproj", "{ADEC2EE5-01B3-4924-B73A-D69A1B9BC189}"
EndProject
Global
	GlobalSection(SolutionConfigurationPlatforms) = preSolution
		Debug|Any CPU = Debug|Any CPU
		Release|Any CPU = Release|Any CPU
	EndGlobalSection
	GlobalSection(ProjectConfigurationPlatforms) = postSolution
		{ADEC2EE5-01B3-4924-B73A-D69A1B9BC189}.Debug|Any CPU.ActiveCfg = Debug|Any CPU
		{ADEC2EE5-01B3-4924-B73A-D69A1B9BC189}.Debug|Any CPU.Build.0 = Debug|Any CPU
		{ADEC2EE5-01B3-4924-B73A-D69A1B9BC189}.Release|Any CPU.ActiveCfg = Release|Any CPU
		{ADEC2EE5-01B3-4924-B73A-D69A1B9BC189}.Release|Any CPU.Build.0 = Release|Any CPU
	EndGlobalSection
	GlobalSection(SolutionProperties) = preSolution
		HideSolutionNode = FALSE
	EndGlobalSection
	GlobalSection(ExtensibilityGlobals) = postSolution
		SolutionGuid = {1F583F58-C51F-4082-901B-D114E79C4263}
	EndGlobalSection
EndGlobal
